# This file is automatically @generated by Poetry 1.8.3 and should not be changed by hand.

[[package]]
name = "mlregistry"
version = "0.2.0"
description = "Register, retrieve and get metadata from machine learning models."
optional = false
python-versions = "<4.0,>=3.12"
files = [
    {file = "mlregistry-0.2.0-py3-none-any.whl", hash = "sha256:654d5ae2843bad9cb5045671e56d73e5669c4de12f07828dc87f6a737b88a615"},
    {file = "mlregistry-0.2.0.tar.gz", hash = "sha256:c09320c18efebd990f7c7e56aa7981d613fd640b9b79d8562c27744cb514874d"},
]

[metadata]
lock-version = "2.0"
python-versions = "^3.12"
content-hash = "5d444329a3a0ea15865efaf4f44d9c548ae707d17fe4754d03a4a7dd241679ce"
